// !$*UTF8*$!
{
	archiveVersion = 1;
	classes = {
	};
	objectVersion = 46;
	objects = {

/* Begin PBXBuildFile section */
		0A149AA818E2F2C30033EAAE /* XCTest.framework in Frameworks */ = {isa = PBXBuildFile; fileRef = 0A6EB8E918E2CFB500A67DEC /* XCTest.framework */; };
		0A149AAE18E2F2C30033EAAE /* InfoPlist.strings in Resources */ = {isa = PBXBuildFile; fileRef = 0A149AAC18E2F2C30033EAAE /* InfoPlist.strings */; };
		0A149AB818E2F3B40033EAAE /* SudokuSpec.m in Sources */ = {isa = PBXBuildFile; fileRef = 0A149AB718E2F3B40033EAAE /* SudokuSpec.m */; };
		0A22DA0618FFDE8500943FEA /* MainViewController.m in Sources */ = {isa = PBXBuildFile; fileRef = 0A22DA0518FFDE8500943FEA /* MainViewController.m */; };
		0A22DA1818FFF33B00943FEA /* SudokuViewItem.m in Sources */ = {isa = PBXBuildFile; fileRef = 0A22DA1618FFF33B00943FEA /* SudokuViewItem.m */; };
		0A22DA1918FFF33B00943FEA /* SudokuViewItem.xib in Resources */ = {isa = PBXBuildFile; fileRef = 0A22DA1718FFF33B00943FEA /* SudokuViewItem.xib */; };
		0A4CB57718FC085200360110 /* SudokuSolver.m in Sources */ = {isa = PBXBuildFile; fileRef = 0A4CB57618FC085200360110 /* SudokuSolver.m */; };
		0A6EB8CB18E2CFB500A67DEC /* Cocoa.framework in Frameworks */ = {isa = PBXBuildFile; fileRef = 0A6EB8CA18E2CFB500A67DEC /* Cocoa.framework */; };
		0A6EB8D518E2CFB500A67DEC /* InfoPlist.strings in Resources */ = {isa = PBXBuildFile; fileRef = 0A6EB8D318E2CFB500A67DEC /* InfoPlist.strings */; };
		0A6EB8D718E2CFB500A67DEC /* main.m in Sources */ = {isa = PBXBuildFile; fileRef = 0A6EB8D618E2CFB500A67DEC /* main.m */; };
		0A6EB8DB18E2CFB500A67DEC /* Credits.rtf in Resources */ = {isa = PBXBuildFile; fileRef = 0A6EB8D918E2CFB500A67DEC /* Credits.rtf */; };
		0A6EB8DE18E2CFB500A67DEC /* AppDelegate.m in Sources */ = {isa = PBXBuildFile; fileRef = 0A6EB8DD18E2CFB500A67DEC /* AppDelegate.m */; };
		0A6EB8E118E2CFB500A67DEC /* MainMenu.xib in Resources */ = {isa = PBXBuildFile; fileRef = 0A6EB8DF18E2CFB500A67DEC /* MainMenu.xib */; };
		0A6EB8E318E2CFB500A67DEC /* Images.xcassets in Resources */ = {isa = PBXBuildFile; fileRef = 0A6EB8E218E2CFB500A67DEC /* Images.xcassets */; };
		0A6EB90418E2D95900A67DEC /* Sudoku.m in Sources */ = {isa = PBXBuildFile; fileRef = 0A6EB90318E2D95900A67DEC /* Sudoku.m */; };
		0A6EB90818E2DEA000A67DEC /* SudokuCell.m in Sources */ = {isa = PBXBuildFile; fileRef = 0A6EB90718E2DEA000A67DEC /* SudokuCell.m */; };
		0A6EB90B18E2DEAC00A67DEC /* SudokuGroup.m in Sources */ = {isa = PBXBuildFile; fileRef = 0A6EB90A18E2DEAC00A67DEC /* SudokuGroup.m */; };
		0AA25CF918FC212B00ED1558 /* Sudoku+TestAdditions.m in Sources */ = {isa = PBXBuildFile; fileRef = 0AA25CF818FC212B00ED1558 /* Sudoku+TestAdditions.m */; };
		0AA25CFB18FC349200ED1558 /* SudokuSolverSpec.m in Sources */ = {isa = PBXBuildFile; fileRef = 0AA25CFA18FC349200ED1558 /* SudokuSolverSpec.m */; };
		0AA25CFD18FC3C3500ED1558 /* SudokuCellSpec.m in Sources */ = {isa = PBXBuildFile; fileRef = 0AA25CFC18FC3C3500ED1558 /* SudokuCellSpec.m */; };
		0AA25CFF18FC3C5E00ED1558 /* SudokuGroupSpec.m in Sources */ = {isa = PBXBuildFile; fileRef = 0AA25CFE18FC3C5E00ED1558 /* SudokuGroupSpec.m */; };
		A8A3C77AF2214890B6991BEB /* libPods-Sudoku Tests.a in Frameworks */ = {isa = PBXBuildFile; fileRef = 91762403FC954B8BB63D89B4 /* libPods-Sudoku Tests.a */; };
/* End PBXBuildFile section */

/* Begin PBXContainerItemProxy section */
		0A149AB218E2F2C30033EAAE /* PBXContainerItemProxy */ = {
			isa = PBXContainerItemProxy;
			containerPortal = 0A6EB8BF18E2CFB500A67DEC /* Project object */;
			proxyType = 1;
			remoteGlobalIDString = 0A6EB8C618E2CFB500A67DEC;
			remoteInfo = Sudoku;
		};
/* End PBXContainerItemProxy section */

/* Begin PBXFileReference section */
		0A149AA718E2F2C30033EAAE /* Sudoku Tests.xctest */ = {isa = PBXFileReference; explicitFileType = wrapper.cfbundle; includeInIndex = 0; path = "Sudoku Tests.xctest"; sourceTree = BUILT_PRODUCTS_DIR; };
		0A149AAB18E2F2C30033EAAE /* Sudoku Tests-Info.plist */ = {isa = PBXFileReference; lastKnownFileType = text.plist.xml; path = "Sudoku Tests-Info.plist"; sourceTree = "<group>"; };
		0A149AAD18E2F2C30033EAAE /* en */ = {isa = PBXFileReference; lastKnownFileType = text.plist.strings; name = en; path = en.lproj/InfoPlist.strings; sourceTree = "<group>"; };
		0A149AB118E2F2C30033EAAE /* Sudoku Tests-Prefix.pch */ = {isa = PBXFileReference; lastKnownFileType = sourcecode.c.h; path = "Sudoku Tests-Prefix.pch"; sourceTree = "<group>"; };
		0A149AB718E2F3B40033EAAE /* SudokuSpec.m */ = {isa = PBXFileReference; fileEncoding = 4; lastKnownFileType = sourcecode.c.objc; path = SudokuSpec.m; sourceTree = "<group>"; };
		0A22DA0418FFDE8500943FEA /* MainViewController.h */ = {isa = PBXFileReference; fileEncoding = 4; lastKnownFileType = sourcecode.c.h; path = MainViewController.h; sourceTree = "<group>"; };
		0A22DA0518FFDE8500943FEA /* MainViewController.m */ = {isa = PBXFileReference; fileEncoding = 4; lastKnownFileType = sourcecode.c.objc; path = MainViewController.m; sourceTree = "<group>"; };
		0A22DA1518FFF33B00943FEA /* SudokuViewItem.h */ = {isa = PBXFileReference; fileEncoding = 4; lastKnownFileType = sourcecode.c.h; path = SudokuViewItem.h; sourceTree = "<group>"; };
		0A22DA1618FFF33B00943FEA /* SudokuViewItem.m */ = {isa = PBXFileReference; fileEncoding = 4; lastKnownFileType = sourcecode.c.objc; path = SudokuViewItem.m; sourceTree = "<group>"; };
		0A22DA1718FFF33B00943FEA /* SudokuViewItem.xib */ = {isa = PBXFileReference; fileEncoding = 4; lastKnownFileType = file.xib; path = SudokuViewItem.xib; sourceTree = "<group>"; };
		0A4CB57518FC085200360110 /* SudokuSolver.h */ = {isa = PBXFileReference; fileEncoding = 4; lastKnownFileType = sourcecode.c.h; path = SudokuSolver.h; sourceTree = "<group>"; };
		0A4CB57618FC085200360110 /* SudokuSolver.m */ = {isa = PBXFileReference; fileEncoding = 4; lastKnownFileType = sourcecode.c.objc; path = SudokuSolver.m; sourceTree = "<group>"; };
		0A6EB8C718E2CFB500A67DEC /* Sudoku.app */ = {isa = PBXFileReference; explicitFileType = wrapper.application; includeInIndex = 0; path = Sudoku.app; sourceTree = BUILT_PRODUCTS_DIR; };
		0A6EB8CA18E2CFB500A67DEC /* Cocoa.framework */ = {isa = PBXFileReference; lastKnownFileType = wrapper.framework; name = Cocoa.framework; path = System/Library/Frameworks/Cocoa.framework; sourceTree = SDKROOT; };
		0A6EB8CD18E2CFB500A67DEC /* AppKit.framework */ = {isa = PBXFileReference; lastKnownFileType = wrapper.framework; name = AppKit.framework; path = System/Library/Frameworks/AppKit.framework; sourceTree = SDKROOT; };
		0A6EB8CE18E2CFB500A67DEC /* CoreData.framework */ = {isa = PBXFileReference; lastKnownFileType = wrapper.framework; name = CoreData.framework; path = System/Library/Frameworks/CoreData.framework; sourceTree = SDKROOT; };
		0A6EB8CF18E2CFB500A67DEC /* Foundation.framework */ = {isa = PBXFileReference; lastKnownFileType = wrapper.framework; name = Foundation.framework; path = System/Library/Frameworks/Foundation.framework; sourceTree = SDKROOT; };
		0A6EB8D218E2CFB500A67DEC /* Sudoku-Info.plist */ = {isa = PBXFileReference; lastKnownFileType = text.plist.xml; path = "Sudoku-Info.plist"; sourceTree = "<group>"; };
		0A6EB8D418E2CFB500A67DEC /* en */ = {isa = PBXFileReference; lastKnownFileType = text.plist.strings; name = en; path = en.lproj/InfoPlist.strings; sourceTree = "<group>"; };
		0A6EB8D618E2CFB500A67DEC /* main.m */ = {isa = PBXFileReference; lastKnownFileType = sourcecode.c.objc; path = main.m; sourceTree = "<group>"; };
		0A6EB8D818E2CFB500A67DEC /* Sudoku-Prefix.pch */ = {isa = PBXFileReference; lastKnownFileType = sourcecode.c.h; path = "Sudoku-Prefix.pch"; sourceTree = "<group>"; };
		0A6EB8DA18E2CFB500A67DEC /* en */ = {isa = PBXFileReference; lastKnownFileType = text.rtf; name = en; path = en.lproj/Credits.rtf; sourceTree = "<group>"; };
		0A6EB8DC18E2CFB500A67DEC /* AppDelegate.h */ = {isa = PBXFileReference; lastKnownFileType = sourcecode.c.h; path = AppDelegate.h; sourceTree = "<group>"; };
		0A6EB8DD18E2CFB500A67DEC /* AppDelegate.m */ = {isa = PBXFileReference; lastKnownFileType = sourcecode.c.objc; path = AppDelegate.m; sourceTree = "<group>"; };
		0A6EB8E018E2CFB500A67DEC /* Base */ = {isa = PBXFileReference; lastKnownFileType = file.xib; name = Base; path = Base.lproj/MainMenu.xib; sourceTree = "<group>"; };
		0A6EB8E218E2CFB500A67DEC /* Images.xcassets */ = {isa = PBXFileReference; lastKnownFileType = folder.assetcatalog; path = Images.xcassets; sourceTree = "<group>"; };
		0A6EB8E918E2CFB500A67DEC /* XCTest.framework */ = {isa = PBXFileReference; lastKnownFileType = wrapper.framework; name = XCTest.framework; path = Library/Frameworks/XCTest.framework; sourceTree = DEVELOPER_DIR; };
		0A6EB90218E2D95900A67DEC /* Sudoku.h */ = {isa = PBXFileReference; fileEncoding = 4; lastKnownFileType = sourcecode.c.h; path = Sudoku.h; sourceTree = "<group>"; };
		0A6EB90318E2D95900A67DEC /* Sudoku.m */ = {isa = PBXFileReference; fileEncoding = 4; lastKnownFileType = sourcecode.c.objc; path = Sudoku.m; sourceTree = "<group>"; };
		0A6EB90618E2DEA000A67DEC /* SudokuCell.h */ = {isa = PBXFileReference; fileEncoding = 4; lastKnownFileType = sourcecode.c.h; path = SudokuCell.h; sourceTree = "<group>"; };
		0A6EB90718E2DEA000A67DEC /* SudokuCell.m */ = {isa = PBXFileReference; fileEncoding = 4; lastKnownFileType = sourcecode.c.objc; path = SudokuCell.m; sourceTree = "<group>"; };
		0A6EB90918E2DEAC00A67DEC /* SudokuGroup.h */ = {isa = PBXFileReference; fileEncoding = 4; lastKnownFileType = sourcecode.c.h; path = SudokuGroup.h; sourceTree = "<group>"; };
		0A6EB90A18E2DEAC00A67DEC /* SudokuGroup.m */ = {isa = PBXFileReference; fileEncoding = 4; lastKnownFileType = sourcecode.c.objc; path = SudokuGroup.m; sourceTree = "<group>"; };
		0AA25CF718FC212B00ED1558 /* Sudoku+TestAdditions.h */ = {isa = PBXFileReference; fileEncoding = 4; lastKnownFileType = sourcecode.c.h; path = "Sudoku+TestAdditions.h"; sourceTree = "<group>"; };
		0AA25CF818FC212B00ED1558 /* Sudoku+TestAdditions.m */ = {isa = PBXFileReference; fileEncoding = 4; lastKnownFileType = sourcecode.c.objc; path = "Sudoku+TestAdditions.m"; sourceTree = "<group>"; };
		0AA25CFA18FC349200ED1558 /* SudokuSolverSpec.m */ = {isa = PBXFileReference; fileEncoding = 4; lastKnownFileType = sourcecode.c.objc; path = SudokuSolverSpec.m; sourceTree = "<group>"; };
		0AA25CFC18FC3C3500ED1558 /* SudokuCellSpec.m */ = {isa = PBXFileReference; fileEncoding = 4; lastKnownFileType = sourcecode.c.objc; path = SudokuCellSpec.m; sourceTree = "<group>"; };
		0AA25CFE18FC3C5E00ED1558 /* SudokuGroupSpec.m */ = {isa = PBXFileReference; fileEncoding = 4; lastKnownFileType = sourcecode.c.objc; path = SudokuGroupSpec.m; sourceTree = "<group>"; };
		6E7618CC659443AAAEB30A2F /* Pods-Sudoku Tests.xcconfig */ = {isa = PBXFileReference; includeInIndex = 1; lastKnownFileType = text.xcconfig; name = "Pods-Sudoku Tests.xcconfig"; path = "Pods/Pods-Sudoku Tests.xcconfig"; sourceTree = "<group>"; };
		91762403FC954B8BB63D89B4 /* libPods-Sudoku Tests.a */ = {isa = PBXFileReference; explicitFileType = archive.ar; includeInIndex = 0; path = "libPods-Sudoku Tests.a"; sourceTree = BUILT_PRODUCTS_DIR; };
/* End PBXFileReference section */

/* Begin PBXFrameworksBuildPhase section */
		0A149AA418E2F2C30033EAAE /* Frameworks */ = {
			isa = PBXFrameworksBuildPhase;
			buildActionMask = 2147483647;
			files = (
				0A149AA818E2F2C30033EAAE /* XCTest.framework in Frameworks */,
				A8A3C77AF2214890B6991BEB /* libPods-Sudoku Tests.a in Frameworks */,
			);
			runOnlyForDeploymentPostprocessing = 0;
		};
		0A6EB8C418E2CFB500A67DEC /* Frameworks */ = {
			isa = PBXFrameworksBuildPhase;
			buildActionMask = 2147483647;
			files = (
				0A6EB8CB18E2CFB500A67DEC /* Cocoa.framework in Frameworks */,
			);
			runOnlyForDeploymentPostprocessing = 0;
		};
/* End PBXFrameworksBuildPhase section */

/* Begin PBXGroup section */
		0A149AA918E2F2C30033EAAE /* Sudoku Tests */ = {
			isa = PBXGroup;
			children = (
				0AA25CFC18FC3C3500ED1558 /* SudokuCellSpec.m */,
				0AA25CFE18FC3C5E00ED1558 /* SudokuGroupSpec.m */,
				0A149AB718E2F3B40033EAAE /* SudokuSpec.m */,
				0AA25CFA18FC349200ED1558 /* SudokuSolverSpec.m */,
				0AA25CF718FC212B00ED1558 /* Sudoku+TestAdditions.h */,
				0AA25CF818FC212B00ED1558 /* Sudoku+TestAdditions.m */,
				0A149AAA18E2F2C30033EAAE /* Supporting Files */,
			);
			path = "Sudoku Tests";
			sourceTree = "<group>";
		};
		0A149AAA18E2F2C30033EAAE /* Supporting Files */ = {
			isa = PBXGroup;
			children = (
				0A149AAB18E2F2C30033EAAE /* Sudoku Tests-Info.plist */,
				0A149AAC18E2F2C30033EAAE /* InfoPlist.strings */,
				0A149AB118E2F2C30033EAAE /* Sudoku Tests-Prefix.pch */,
			);
			name = "Supporting Files";
			sourceTree = "<group>";
		};
		0A22DA0718FFDF2100943FEA /* GUI */ = {
			isa = PBXGroup;
			children = (
				0A6EB8DF18E2CFB500A67DEC /* MainMenu.xib */,
				0A22DA0418FFDE8500943FEA /* MainViewController.h */,
				0A22DA0518FFDE8500943FEA /* MainViewController.m */,
				0A22DA1518FFF33B00943FEA /* SudokuViewItem.h */,
				0A22DA1618FFF33B00943FEA /* SudokuViewItem.m */,
				0A22DA1718FFF33B00943FEA /* SudokuViewItem.xib */,
			);
			name = GUI;
			sourceTree = "<group>";
		};
		0A6EB8BE18E2CFB500A67DEC = {
			isa = PBXGroup;
			children = (
				0A6EB8D018E2CFB500A67DEC /* Sudoku */,
				0A149AA918E2F2C30033EAAE /* Sudoku Tests */,
				0A6EB8C918E2CFB500A67DEC /* Frameworks */,
				0A6EB8C818E2CFB500A67DEC /* Products */,
				6E7618CC659443AAAEB30A2F /* Pods-Sudoku Tests.xcconfig */,
			);
			sourceTree = "<group>";
		};
		0A6EB8C818E2CFB500A67DEC /* Products */ = {
			isa = PBXGroup;
			children = (
				0A6EB8C718E2CFB500A67DEC /* Sudoku.app */,
				0A149AA718E2F2C30033EAAE /* Sudoku Tests.xctest */,
			);
			name = Products;
			sourceTree = "<group>";
		};
		0A6EB8C918E2CFB500A67DEC /* Frameworks */ = {
			isa = PBXGroup;
			children = (
				0A6EB8CA18E2CFB500A67DEC /* Cocoa.framework */,
				0A6EB8E918E2CFB500A67DEC /* XCTest.framework */,
				0A6EB8CC18E2CFB500A67DEC /* Other Frameworks */,
				91762403FC954B8BB63D89B4 /* libPods-Sudoku Tests.a */,
			);
			name = Frameworks;
			sourceTree = "<group>";
		};
		0A6EB8CC18E2CFB500A67DEC /* Other Frameworks */ = {
			isa = PBXGroup;
			children = (
				0A6EB8CD18E2CFB500A67DEC /* AppKit.framework */,
				0A6EB8CE18E2CFB500A67DEC /* CoreData.framework */,
				0A6EB8CF18E2CFB500A67DEC /* Foundation.framework */,
			);
			name = "Other Frameworks";
			sourceTree = "<group>";
		};
		0A6EB8D018E2CFB500A67DEC /* Sudoku */ = {
			isa = PBXGroup;
			children = (
				0A6EB8DC18E2CFB500A67DEC /* AppDelegate.h */,
				0A6EB8DD18E2CFB500A67DEC /* AppDelegate.m */,
				0A22DA0718FFDF2100943FEA /* GUI */,
				0A6EB90518E2D96000A67DEC /* Core */,
				0A6EB8E218E2CFB500A67DEC /* Images.xcassets */,
				0A6EB8D118E2CFB500A67DEC /* Supporting Files */,
			);
			path = Sudoku;
			sourceTree = "<group>";
		};
		0A6EB8D118E2CFB500A67DEC /* Supporting Files */ = {
			isa = PBXGroup;
			children = (
				0A6EB8D218E2CFB500A67DEC /* Sudoku-Info.plist */,
				0A6EB8D318E2CFB500A67DEC /* InfoPlist.strings */,
				0A6EB8D618E2CFB500A67DEC /* main.m */,
				0A6EB8D818E2CFB500A67DEC /* Sudoku-Prefix.pch */,
				0A6EB8D918E2CFB500A67DEC /* Credits.rtf */,
			);
			name = "Supporting Files";
			sourceTree = "<group>";
		};
		0A6EB90518E2D96000A67DEC /* Core */ = {
			isa = PBXGroup;
			children = (
				0A6EB90218E2D95900A67DEC /* Sudoku.h */,
				0A6EB90318E2D95900A67DEC /* Sudoku.m */,
				0A6EB90618E2DEA000A67DEC /* SudokuCell.h */,
				0A6EB90718E2DEA000A67DEC /* SudokuCell.m */,
				0A6EB90918E2DEAC00A67DEC /* SudokuGroup.h */,
				0A6EB90A18E2DEAC00A67DEC /* SudokuGroup.m */,
				0A4CB57518FC085200360110 /* SudokuSolver.h */,
				0A4CB57618FC085200360110 /* SudokuSolver.m */,
			);
			name = Core;
			sourceTree = "<group>";
		};
/* End PBXGroup section */

/* Begin PBXNativeTarget section */
		0A149AA618E2F2C30033EAAE /* Sudoku Tests */ = {
			isa = PBXNativeTarget;
			buildConfigurationList = 0A149AB418E2F2C30033EAAE /* Build configuration list for PBXNativeTarget "Sudoku Tests" */;
			buildPhases = (
				56935C43FEF444D1BCA7A77D /* Check Pods Manifest.lock */,
				0A149AA318E2F2C30033EAAE /* Sources */,
				0A149AA418E2F2C30033EAAE /* Frameworks */,
				0A149AA518E2F2C30033EAAE /* Resources */,
				85156561A7764394A620224C /* Copy Pods Resources */,
			);
			buildRules = (
			);
			dependencies = (
				0A149AB318E2F2C30033EAAE /* PBXTargetDependency */,
			);
			name = "Sudoku Tests";
			productName = "Sudoku Tests";
			productReference = 0A149AA718E2F2C30033EAAE /* Sudoku Tests.xctest */;
			productType = "com.apple.product-type.bundle.unit-test";
		};
		0A6EB8C618E2CFB500A67DEC /* Sudoku */ = {
			isa = PBXNativeTarget;
			buildConfigurationList = 0A6EB8F818E2CFB500A67DEC /* Build configuration list for PBXNativeTarget "Sudoku" */;
			buildPhases = (
				0A6EB8C318E2CFB500A67DEC /* Sources */,
				0A6EB8C418E2CFB500A67DEC /* Frameworks */,
				0A6EB8C518E2CFB500A67DEC /* Resources */,
			);
			buildRules = (
			);
			dependencies = (
			);
			name = Sudoku;
			productName = Sudoku;
			productReference = 0A6EB8C718E2CFB500A67DEC /* Sudoku.app */;
			productType = "com.apple.product-type.application";
		};
/* End PBXNativeTarget section */

/* Begin PBXProject section */
		0A6EB8BF18E2CFB500A67DEC /* Project object */ = {
			isa = PBXProject;
			attributes = {
				LastUpgradeCheck = 0500;
				ORGANIZATIONNAME = Ankh;
				TargetAttributes = {
					0A149AA618E2F2C30033EAAE = {
						TestTargetID = 0A6EB8C618E2CFB500A67DEC;
					};
				};
			};
			buildConfigurationList = 0A6EB8C218E2CFB500A67DEC /* Build configuration list for PBXProject "Sudoku" */;
			compatibilityVersion = "Xcode 3.2";
			developmentRegion = English;
			hasScannedForEncodings = 0;
			knownRegions = (
				en,
				Base,
			);
			mainGroup = 0A6EB8BE18E2CFB500A67DEC;
			productRefGroup = 0A6EB8C818E2CFB500A67DEC /* Products */;
			projectDirPath = "";
			projectRoot = "";
			targets = (
				0A6EB8C618E2CFB500A67DEC /* Sudoku */,
				0A149AA618E2F2C30033EAAE /* Sudoku Tests */,
			);
		};
/* End PBXProject section */

/* Begin PBXResourcesBuildPhase section */
		0A149AA518E2F2C30033EAAE /* Resources */ = {
			isa = PBXResourcesBuildPhase;
			buildActionMask = 2147483647;
			files = (
				0A149AAE18E2F2C30033EAAE /* InfoPlist.strings in Resources */,
			);
			runOnlyForDeploymentPostprocessing = 0;
		};
		0A6EB8C518E2CFB500A67DEC /* Resources */ = {
			isa = PBXResourcesBuildPhase;
			buildActionMask = 2147483647;
			files = (
				0A22DA1918FFF33B00943FEA /* SudokuViewItem.xib in Resources */,
				0A6EB8D518E2CFB500A67DEC /* InfoPlist.strings in Resources */,
				0A6EB8E318E2CFB500A67DEC /* Images.xcassets in Resources */,
				0A6EB8DB18E2CFB500A67DEC /* Credits.rtf in Resources */,
				0A6EB8E118E2CFB500A67DEC /* MainMenu.xib in Resources */,
			);
			runOnlyForDeploymentPostprocessing = 0;
		};
/* End PBXResourcesBuildPhase section */

/* Begin PBXShellScriptBuildPhase section */
		56935C43FEF444D1BCA7A77D /* Check Pods Manifest.lock */ = {
			isa = PBXShellScriptBuildPhase;
			buildActionMask = 2147483647;
			files = (
			);
			inputPaths = (
			);
			name = "Check Pods Manifest.lock";
			outputPaths = (
			);
			runOnlyForDeploymentPostprocessing = 0;
			shellPath = /bin/sh;
			shellScript = "diff \"${PODS_ROOT}/../Podfile.lock\" \"${PODS_ROOT}/Manifest.lock\" > /dev/null\nif [[ $? != 0 ]] ; then\n    cat << EOM\nerror: The sandbox is not in sync with the Podfile.lock. Run 'pod install' or update your CocoaPods installation.\nEOM\n    exit 1\nfi\n";
			showEnvVarsInLog = 0;
		};
		85156561A7764394A620224C /* Copy Pods Resources */ = {
			isa = PBXShellScriptBuildPhase;
			buildActionMask = 2147483647;
			files = (
			);
			inputPaths = (
			);
			name = "Copy Pods Resources";
			outputPaths = (
			);
			runOnlyForDeploymentPostprocessing = 0;
			shellPath = /bin/sh;
			shellScript = "\"${SRCROOT}/Pods/Pods-Sudoku Tests-resources.sh\"\n";
			showEnvVarsInLog = 0;
		};
/* End PBXShellScriptBuildPhase section */

/* Begin PBXSourcesBuildPhase section */
		0A149AA318E2F2C30033EAAE /* Sources */ = {
			isa = PBXSourcesBuildPhase;
			buildActionMask = 2147483647;
			files = (
				0AA25CF918FC212B00ED1558 /* Sudoku+TestAdditions.m in Sources */,
				0AA25CFF18FC3C5E00ED1558 /* SudokuGroupSpec.m in Sources */,
				0AA25CFD18FC3C3500ED1558 /* SudokuCellSpec.m in Sources */,
				0A149AB818E2F3B40033EAAE /* SudokuSpec.m in Sources */,
				0AA25CFB18FC349200ED1558 /* SudokuSolverSpec.m in Sources */,
			);
			runOnlyForDeploymentPostprocessing = 0;
		};
		0A6EB8C318E2CFB500A67DEC /* Sources */ = {
			isa = PBXSourcesBuildPhase;
			buildActionMask = 2147483647;
			files = (
				0A22DA1818FFF33B00943FEA /* SudokuViewItem.m in Sources */,
				0A6EB8DE18E2CFB500A67DEC /* AppDelegate.m in Sources */,
				0A4CB57718FC085200360110 /* SudokuSolver.m in Sources */,
				0A6EB90B18E2DEAC00A67DEC /* SudokuGroup.m in Sources */,
				0A6EB90418E2D95900A67DEC /* Sudoku.m in Sources */,
				0A22DA0618FFDE8500943FEA /* MainViewController.m in Sources */,
				0A6EB90818E2DEA000A67DEC /* SudokuCell.m in Sources */,
				0A6EB8D718E2CFB500A67DEC /* main.m in Sources */,
			);
			runOnlyForDeploymentPostprocessing = 0;
		};
/* End PBXSourcesBuildPhase section */

/* Begin PBXTargetDependency section */
		0A149AB318E2F2C30033EAAE /* PBXTargetDependency */ = {
			isa = PBXTargetDependency;
			target = 0A6EB8C618E2CFB500A67DEC /* Sudoku */;
			targetProxy = 0A149AB218E2F2C30033EAAE /* PBXContainerItemProxy */;
		};
/* End PBXTargetDependency section */

/* Begin PBXVariantGroup section */
		0A149AAC18E2F2C30033EAAE /* InfoPlist.strings */ = {
			isa = PBXVariantGroup;
			children = (
				0A149AAD18E2F2C30033EAAE /* en */,
			);
			name = InfoPlist.strings;
			sourceTree = "<group>";
		};
		0A6EB8D318E2CFB500A67DEC /* InfoPlist.strings */ = {
			isa = PBXVariantGroup;
			children = (
				0A6EB8D418E2CFB500A67DEC /* en */,
			);
			name = InfoPlist.strings;
			sourceTree = "<group>";
		};
		0A6EB8D918E2CFB500A67DEC /* Credits.rtf */ = {
			isa = PBXVariantGroup;
			children = (
				0A6EB8DA18E2CFB500A67DEC /* en */,
			);
			name = Credits.rtf;
			sourceTree = "<group>";
		};
		0A6EB8DF18E2CFB500A67DEC /* MainMenu.xib */ = {
			isa = PBXVariantGroup;
			children = (
				0A6EB8E018E2CFB500A67DEC /* Base */,
			);
			name = MainMenu.xib;
			sourceTree = "<group>";
		};
/* End PBXVariantGroup section */

/* Begin XCBuildConfiguration section */
		0A149AB518E2F2C30033EAAE /* Debug */ = {
			isa = XCBuildConfiguration;
			baseConfigurationReference = 6E7618CC659443AAAEB30A2F /* Pods-Sudoku Tests.xcconfig */;
			buildSettings = {
				BUNDLE_LOADER = "$(BUILT_PRODUCTS_DIR)/Sudoku.app/Contents/MacOS/Sudoku";
				FRAMEWORK_SEARCH_PATHS = (
					"$(DEVELOPER_FRAMEWORKS_DIR)",
					"$(inherited)",
				);
				GCC_PRECOMPILE_PREFIX_HEADER = YES;
				GCC_PREFIX_HEADER = "Sudoku Tests/Sudoku Tests-Prefix.pch";
				GCC_PREPROCESSOR_DEFINITIONS = (
					"DEBUG=1",
					"$(inherited)",
				);
				INFOPLIST_FILE = "Sudoku Tests/Sudoku Tests-Info.plist";
				PRODUCT_NAME = "$(TARGET_NAME)";
				"TEST_HOST[sdk=*]" = "$(BUNDLE_LOADER)";
				WRAPPER_EXTENSION = xctest;
			};
			name = Debug;
		};
		0A149AB618E2F2C30033EAAE /* Release */ = {
			isa = XCBuildConfiguration;
			baseConfigurationReference = 6E7618CC659443AAAEB30A2F /* Pods-Sudoku Tests.xcconfig */;
			buildSettings = {
				BUNDLE_LOADER = "$(BUILT_PRODUCTS_DIR)/Sudoku.app/Contents/MacOS/Sudoku";
				FRAMEWORK_SEARCH_PATHS = (
					"$(DEVELOPER_FRAMEWORKS_DIR)",
					"$(inherited)",
				);
				GCC_PRECOMPILE_PREFIX_HEADER = YES;
				GCC_PREFIX_HEADER = "Sudoku Tests/Sudoku Tests-Prefix.pch";
				INFOPLIST_FILE = "Sudoku Tests/Sudoku Tests-Info.plist";
				PRODUCT_NAME = "$(TARGET_NAME)";
				"TEST_HOST[sdk=*]" = "$(BUNDLE_LOADER)";
				WRAPPER_EXTENSION = xctest;
			};
			name = Release;
		};
		0A6EB8F618E2CFB500A67DEC /* Debug */ = {
			isa = XCBuildConfiguration;
			buildSettings = {
				ALWAYS_SEARCH_USER_PATHS = NO;
				CLANG_CXX_LANGUAGE_STANDARD = "gnu++0x";
				CLANG_CXX_LIBRARY = "libc++";
				CLANG_ENABLE_OBJC_ARC = YES;
				CLANG_WARN_BOOL_CONVERSION = YES;
				CLANG_WARN_CONSTANT_CONVERSION = YES;
				CLANG_WARN_DIRECT_OBJC_ISA_USAGE = YES_ERROR;
				CLANG_WARN_EMPTY_BODY = YES;
				CLANG_WARN_ENUM_CONVERSION = YES;
				CLANG_WARN_INT_CONVERSION = YES;
				CLANG_WARN_OBJC_ROOT_CLASS = YES_ERROR;
				CLANG_WARN__DUPLICATE_METHOD_MATCH = YES;
				COPY_PHASE_STRIP = NO;
				GCC_C_LANGUAGE_STANDARD = gnu99;
				GCC_DYNAMIC_NO_PIC = NO;
				GCC_ENABLE_OBJC_EXCEPTIONS = YES;
				GCC_OPTIMIZATION_LEVEL = 0;
				GCC_PREPROCESSOR_DEFINITIONS = (
					"DEBUG=1",
					"$(inherited)",
				);
				GCC_SYMBOLS_PRIVATE_EXTERN = NO;
				GCC_WARN_64_TO_32_BIT_CONVERSION = YES;
				GCC_WARN_ABOUT_RETURN_TYPE = YES_ERROR;
				GCC_WARN_UNDECLARED_SELECTOR = YES;
				GCC_WARN_UNINITIALIZED_AUTOS = YES;
				GCC_WARN_UNUSED_FUNCTION = YES;
				GCC_WARN_UNUSED_VARIABLE = YES;
				MACOSX_DEPLOYMENT_TARGET = 10.8;
				ONLY_ACTIVE_ARCH = YES;
				SDKROOT = macosx;
			};
			name = Debug;
		};
		0A6EB8F718E2CFB500A67DEC /* Release */ = {
			isa = XCBuildConfiguration;
			buildSettings = {
				ALWAYS_SEARCH_USER_PATHS = NO;
				CLANG_CXX_LANGUAGE_STANDARD = "gnu++0x";
				CLANG_CXX_LIBRARY = "libc++";
				CLANG_ENABLE_OBJC_ARC = YES;
				CLANG_WARN_BOOL_CONVERSION = YES;
				CLANG_WARN_CONSTANT_CONVERSION = YES;
				CLANG_WARN_DIRECT_OBJC_ISA_USAGE = YES_ERROR;
				CLANG_WARN_EMPTY_BODY = YES;
				CLANG_WARN_ENUM_CONVERSION = YES;
				CLANG_WARN_INT_CONVERSION = YES;
				CLANG_WARN_OBJC_ROOT_CLASS = YES_ERROR;
				CLANG_WARN__DUPLICATE_METHOD_MATCH = YES;
				COPY_PHASE_STRIP = YES;
				DEBUG_INFORMATION_FORMAT = "dwarf-with-dsym";
				ENABLE_NS_ASSERTIONS = NO;
				GCC_C_LANGUAGE_STANDARD = gnu99;
				GCC_ENABLE_OBJC_EXCEPTIONS = YES;
				GCC_WARN_64_TO_32_BIT_CONVERSION = YES;
				GCC_WARN_ABOUT_RETURN_TYPE = YES_ERROR;
				GCC_WARN_UNDECLARED_SELECTOR = YES;
				GCC_WARN_UNINITIALIZED_AUTOS = YES;
				GCC_WARN_UNUSED_FUNCTION = YES;
				GCC_WARN_UNUSED_VARIABLE = YES;
				MACOSX_DEPLOYMENT_TARGET = 10.8;
				ONLY_ACTIVE_ARCH = YES;
				SDKROOT = macosx;
			};
			name = Release;
		};
		0A6EB8F918E2CFB500A67DEC /* Debug */ = {
			isa = XCBuildConfiguration;
			buildSettings = {
				ASSETCATALOG_COMPILER_APPICON_NAME = AppIcon;
				COMBINE_HIDPI_IMAGES = YES;
				GCC_PRECOMPILE_PREFIX_HEADER = YES;
				GCC_PREFIX_HEADER = "Sudoku/Sudoku-Prefix.pch";
				INFOPLIST_FILE = "Sudoku/Sudoku-Info.plist";
				PRODUCT_NAME = "$(TARGET_NAME)";
				WRAPPER_EXTENSION = app;
			};
			name = Debug;
		};
		0A6EB8FA18E2CFB500A67DEC /* Release */ = {
			isa = XCBuildConfiguration;
			buildSettings = {
				ASSETCATALOG_COMPILER_APPICON_NAME = AppIcon;
				COMBINE_HIDPI_IMAGES = YES;
				GCC_PRECOMPILE_PREFIX_HEADER = YES;
				GCC_PREFIX_HEADER = "Sudoku/Sudoku-Prefix.pch";
				INFOPLIST_FILE = "Sudoku/Sudoku-Info.plist";
				PRODUCT_NAME = "$(TARGET_NAME)";
				WRAPPER_EXTENSION = app;
			};
			name = Release;
		};
/* End XCBuildConfiguration section */

/* Begin XCConfigurationList section */
		0A149AB418E2F2C30033EAAE /* Build configuration list for PBXNativeTarget "Sudoku Tests" */ = {
			isa = XCConfigurationList;
			buildConfigurations = (
				0A149AB518E2F2C30033EAAE /* Debug */,
				0A149AB618E2F2C30033EAAE /* Release */,
			);
			defaultConfigurationIsVisible = 0;
			defaultConfigurationName = Release;
		};
		0A6EB8C218E2CFB500A67DEC /* Build configuration list for PBXProject "Sudoku" */ = {
			isa = XCConfigurationList;
			buildConfigurations = (
				0A6EB8F618E2CFB500A67DEC /* Debug */,
				0A6EB8F718E2CFB500A67DEC /* Release */,
			);
			defaultConfigurationIsVisible = 0;
			defaultConfigurationName = Release;
		};
		0A6EB8F818E2CFB500A67DEC /* Build configuration list for PBXNativeTarget "Sudoku" */ = {
			isa = XCConfigurationList;
			buildConfigurations = (
				0A6EB8F918E2CFB500A67DEC /* Debug */,
				0A6EB8FA18E2CFB500A67DEC /* Release */,
			);
			defaultConfigurationIsVisible = 0;
			defaultConfigurationName = Release;
		};
/* End XCConfigurationList section */
	};
	rootObject = 0A6EB8BF18E2CFB500A67DEC /* Project object */;
}
